// !$*UTF8*$!
{
	archiveVersion = 1;
	classes = {
	};
	objectVersion = 46;
	objects = {

/* Begin PBXBuildFile section */
		790026421A9B26C100479D22 /* main.m in Sources */ = {isa = PBXBuildFile; fileRef = 790026411A9B26C100479D22 /* main.m */; };
		790026451A9B26C100479D22 /* AppDelegate.m in Sources */ = {isa = PBXBuildFile; fileRef = 790026441A9B26C100479D22 /* AppDelegate.m */; };
		790026481A9B26C100479D22 /* ViewController.m in Sources */ = {isa = PBXBuildFile; fileRef = 790026471A9B26C100479D22 /* ViewController.m */; };
		7900264B1A9B26C100479D22 /* Main.storyboard in Resources */ = {isa = PBXBuildFile; fileRef = 790026491A9B26C100479D22 /* Main.storyboard */; };
		7900264D1A9B26C100479D22 /* Images.xcassets in Resources */ = {isa = PBXBuildFile; fileRef = 7900264C1A9B26C100479D22 /* Images.xcassets */; };
		790026501A9B26C100479D22 /* LaunchScreen.xib in Resources */ = {isa = PBXBuildFile; fileRef = 7900264E1A9B26C100479D22 /* LaunchScreen.xib */; };
		7900265C1A9B26C200479D22 /* VariadicFunctionTests.m in Sources */ = {isa = PBXBuildFile; fileRef = 7900265B1A9B26C200479D22 /* VariadicFunctionTests.m */; };
/* End PBXBuildFile section */

/* Begin PBXContainerItemProxy section */
		790026561A9B26C100479D22 /* PBXContainerItemProxy */ = {
			isa = PBXContainerItemProxy;
			containerPortal = 790026341A9B26C000479D22 /* Project object */;
			proxyType = 1;
			remoteGlobalIDString = 7900263B1A9B26C100479D22;
			remoteInfo = VariadicFunction;
		};
/* End PBXContainerItemProxy section */

/* Begin PBXFileReference section */
		7900263C1A9B26C100479D22 /* VariadicFunction.app */ = {isa = PBXFileReference; explicitFileType = wrapper.application; includeInIndex = 0; path = VariadicFunction.app; sourceTree = BUILT_PRODUCTS_DIR; };
		790026401A9B26C100479D22 /* Info.plist */ = {isa = PBXFileReference; lastKnownFileType = text.plist.xml; path = Info.plist; sourceTree = "<group>"; };
		790026411A9B26C100479D22 /* main.m */ = {isa = PBXFileReference; lastKnownFileType = sourcecode.c.objc; path = main.m; sourceTree = "<group>"; };
		790026431A9B26C100479D22 /* AppDelegate.h */ = {isa = PBXFileReference; lastKnownFileType = sourcecode.c.h; path = AppDelegate.h; sourceTree = "<group>"; };
		790026441A9B26C100479D22 /* AppDelegate.m */ = {isa = PBXFileReference; lastKnownFileType = sourcecode.c.objc; path = AppDelegate.m; sourceTree = "<group>"; };
		790026461A9B26C100479D22 /* ViewController.h */ = {isa = PBXFileReference; lastKnownFileType = sourcecode.c.h; path = ViewController.h; sourceTree = "<group>"; };
		790026471A9B26C100479D22 /* ViewController.m */ = {isa = PBXFileReference; lastKnownFileType = sourcecode.c.objc; path = ViewController.m; sourceTree = "<group>"; };
		7900264A1A9B26C100479D22 /* Base */ = {isa = PBXFileReference; lastKnownFileType = file.storyboard; name = Base; path = Base.lproj/Main.storyboard; sourceTree = "<group>"; };
		7900264C1A9B26C100479D22 /* Images.xcassets */ = {isa = PBXFileReference; lastKnownFileType = folder.assetcatalog; path = Images.xcassets; sourceTree = "<group>"; };
		7900264F1A9B26C100479D22 /* Base */ = {isa = PBXFileReference; lastKnownFileType = file.xib; name = Base; path = Base.lproj/LaunchScreen.xib; sourceTree = "<group>"; };
		790026551A9B26C100479D22 /* VariadicFunctionTests.xctest */ = {isa = PBXFileReference; explicitFileType = wrapper.cfbundle; includeInIndex = 0; path = VariadicFunctionTests.xctest; sourceTree = BUILT_PRODUCTS_DIR; };
		7900265A1A9B26C100479D22 /* Info.plist */ = {isa = PBXFileReference; lastKnownFileType = text.plist.xml; path = Info.plist; sourceTree = "<group>"; };
		7900265B1A9B26C200479D22 /* VariadicFunctionTests.m */ = {isa = PBXFileReference; lastKnownFileType = sourcecode.c.objc; path = VariadicFunctionTests.m; sourceTree = "<group>"; };
/* End PBXFileReference section */

/* Begin PBXFrameworksBuildPhase section */
		790026391A9B26C100479D22 /* Frameworks */ = {
			isa = PBXFrameworksBuildPhase;
			buildActionMask = 2147483647;
			files = (
			);
			runOnlyForDeploymentPostprocessing = 0;
		};
		790026521A9B26C100479D22 /* Frameworks */ = {
			isa = PBXFrameworksBuildPhase;
			buildActionMask = 2147483647;
			files = (
			);
			runOnlyForDeploymentPostprocessing = 0;
		};
/* End PBXFrameworksBuildPhase section */

/* Begin PBXGroup section */
		790026331A9B26C000479D22 = {
			isa = PBXGroup;
			children = (
				7900263E1A9B26C100479D22 /* VariadicFunction */,
				790026581A9B26C100479D22 /* VariadicFunctionTests */,
				7900263D1A9B26C100479D22 /* Products */,
			);
			sourceTree = "<group>";
		};
		7900263D1A9B26C100479D22 /* Products */ = {
			isa = PBXGroup;
			children = (
				7900263C1A9B26C100479D22 /* VariadicFunction.app */,
				790026551A9B26C100479D22 /* VariadicFunctionTests.xctest */,
			);
			name = Products;
			sourceTree = "<group>";
		};
		7900263E1A9B26C100479D22 /* VariadicFunction */ = {
			isa = PBXGroup;
			children = (
				790026431A9B26C100479D22 /* AppDelegate.h */,
				790026441A9B26C100479D22 /* AppDelegate.m */,
				790026461A9B26C100479D22 /* ViewController.h */,
				790026471A9B26C100479D22 /* ViewController.m */,
				790026491A9B26C100479D22 /* Main.storyboard */,
				7900264C1A9B26C100479D22 /* Images.xcassets */,
				7900264E1A9B26C100479D22 /* LaunchScreen.xib */,
				7900263F1A9B26C100479D22 /* Supporting Files */,
			);
			path = VariadicFunction;
			sourceTree = "<group>";
		};
		7900263F1A9B26C100479D22 /* Supporting Files */ = {
			isa = PBXGroup;
			children = (
				790026401A9B26C100479D22 /* Info.plist */,
				790026411A9B26C100479D22 /* main.m */,
			);
			name = "Supporting Files";
			sourceTree = "<group>";
		};
		790026581A9B26C100479D22 /* VariadicFunctionTests */ = {
			isa = PBXGroup;
			children = (
				7900265B1A9B26C200479D22 /* VariadicFunctionTests.m */,
				790026591A9B26C100479D22 /* Supporting Files */,
			);
			path = VariadicFunctionTests;
			sourceTree = "<group>";
		};
		790026591A9B26C100479D22 /* Supporting Files */ = {
			isa = PBXGroup;
			children = (
				7900265A1A9B26C100479D22 /* Info.plist */,
			);
			name = "Supporting Files";
			sourceTree = "<group>";
		};
/* End PBXGroup section */

/* Begin PBXNativeTarget section */
		7900263B1A9B26C100479D22 /* VariadicFunction */ = {
			isa = PBXNativeTarget;
			buildConfigurationList = 7900265F1A9B26C200479D22 /* Build configuration list for PBXNativeTarget "VariadicFunction" */;
			buildPhases = (
				790026381A9B26C100479D22 /* Sources */,
				790026391A9B26C100479D22 /* Frameworks */,
				7900263A1A9B26C100479D22 /* Resources */,
			);
			buildRules = (
			);
			dependencies = (
			);
			name = VariadicFunction;
			productName = VariadicFunction;
			productReference = 7900263C1A9B26C100479D22 /* VariadicFunction.app */;
			productType = "com.apple.product-type.application";
		};
		790026541A9B26C100479D22 /* VariadicFunctionTests */ = {
			isa = PBXNativeTarget;
			buildConfigurationList = 790026621A9B26C200479D22 /* Build configuration list for PBXNativeTarget "VariadicFunctionTests" */;
			buildPhases = (
				790026511A9B26C100479D22 /* Sources */,
				790026521A9B26C100479D22 /* Frameworks */,
				790026531A9B26C100479D22 /* Resources */,
			);
			buildRules = (
			);
			dependencies = (
				790026571A9B26C100479D22 /* PBXTargetDependency */,
			);
			name = VariadicFunctionTests;
			productName = VariadicFunctionTests;
			productReference = 790026551A9B26C100479D22 /* VariadicFunctionTests.xctest */;
			productType = "com.apple.product-type.bundle.unit-test";
		};
/* End PBXNativeTarget section */

/* Begin PBXProject section */
		790026341A9B26C000479D22 /* Project object */ = {
			isa = PBXProject;
			attributes = {
				LastUpgradeCheck = 0610;
				ORGANIZATIONNAME = XcodeBeginner;
				TargetAttributes = {
					7900263B1A9B26C100479D22 = {
						CreatedOnToolsVersion = 6.1.1;
					};
					790026541A9B26C100479D22 = {
						CreatedOnToolsVersion = 6.1.1;
						TestTargetID = 7900263B1A9B26C100479D22;
					};
				};
			};
			buildConfigurationList = 790026371A9B26C000479D22 /* Build configuration list for PBXProject "VariadicFunction" */;
			compatibilityVersion = "Xcode 3.2";
			developmentRegion = English;
			hasScannedForEncodings = 0;
			knownRegions = (
				en,
				Base,
			);
			mainGroup = 790026331A9B26C000479D22;
			productRefGroup = 7900263D1A9B26C100479D22 /* Products */;
			projectDirPath = "";
			projectRoot = "";
			targets = (
				7900263B1A9B26C100479D22 /* VariadicFunction */,
				790026541A9B26C100479D22 /* VariadicFunctionTests */,
			);
		};
/* End PBXProject section */

/* Begin PBXResourcesBuildPhase section */
		7900263A1A9B26C100479D22 /* Resources */ = {
			isa = PBXResourcesBuildPhase;
			buildActionMask = 2147483647;
			files = (
				7900264B1A9B26C100479D22 /* Main.storyboard in Resources */,
				790026501A9B26C100479D22 /* LaunchScreen.xib in Resources */,
				7900264D1A9B26C100479D22 /* Images.xcassets in Resources */,
			);
			runOnlyForDeploymentPostprocessing = 0;
		};
		790026531A9B26C100479D22 /* Resources */ = {
			isa = PBXResourcesBuildPhase;
			buildActionMask = 2147483647;
			files = (
			);
			runOnlyForDeploymentPostprocessing = 0;
		};
/* End PBXResourcesBuildPhase section */

/* Begin PBXSourcesBuildPhase section */
		790026381A9B26C100479D22 /* Sources */ = {
			isa = PBXSourcesBuildPhase;
			buildActionMask = 2147483647;
			files = (
				790026481A9B26C100479D22 /* ViewController.m in Sources */,
				790026451A9B26C100479D22 /* AppDelegate.m in Sources */,
				790026421A9B26C100479D22 /* main.m in Sources */,
			);
			runOnlyForDeploymentPostprocessing = 0;
		};
		790026511A9B26C100479D22 /* Sources */ = {
			isa = PBXSourcesBuildPhase;
			buildActionMask = 2147483647;
			files = (
				7900265C1A9B26C200479D22 /* VariadicFunctionTests.m in Sources */,
			);
			runOnlyForDeploymentPostprocessing = 0;
		};
/* End PBXSourcesBuildPhase section */

/* Begin PBXTargetDependency section */
		790026571A9B26C100479D22 /* PBXTargetDependency */ = {
			isa = PBXTargetDependency;
			target = 7900263B1A9B26C100479D22 /* VariadicFunction */;
			targetProxy = 790026561A9B26C100479D22 /* PBXContainerItemProxy */;
		};
/* End PBXTargetDependency section */

/* Begin PBXVariantGroup section */
		790026491A9B26C100479D22 /* Main.storyboard */ = {
			isa = PBXVariantGroup;
			children = (
				7900264A1A9B26C100479D22 /* Base */,
			);
			name = Main.storyboard;
			sourceTree = "<group>";
		};
		7900264E1A9B26C100479D22 /* LaunchScreen.xib */ = {
			isa = PBXVariantGroup;
			children = (
				7900264F1A9B26C100479D22 /* Base */,
			);
			name = LaunchScreen.xib;
			sourceTree = "<group>";
		};
/* End PBXVariantGroup section */

/* Begin XCBuildConfiguration section */
		7900265D1A9B26C200479D22 /* Debug */ = {
			isa = XCBuildConfiguration;
			buildSettings = {
				ALWAYS_SEARCH_USER_PATHS = NO;
				CLANG_CXX_LANGUAGE_STANDARD = "gnu++0x";
				CLANG_CXX_LIBRARY = "libc++";
				CLANG_ENABLE_MODULES = YES;
				CLANG_ENABLE_OBJC_ARC = YES;
				CLANG_WARN_BOOL_CONVERSION = YES;
				CLANG_WARN_CONSTANT_CONVERSION = YES;
				CLANG_WARN_DIRECT_OBJC_ISA_USAGE = YES_ERROR;
				CLANG_WARN_EMPTY_BODY = YES;
				CLANG_WARN_ENUM_CONVERSION = YES;
				CLANG_WARN_INT_CONVERSION = YES;
				CLANG_WARN_OBJC_ROOT_CLASS = YES_ERROR;
				CLANG_WARN_UNREACHABLE_CODE = YES;
				CLANG_WARN__DUPLICATE_METHOD_MATCH = YES;
				"CODE_SIGN_IDENTITY[sdk=iphoneos*]" = "iPhone Developer";
				COPY_PHASE_STRIP = NO;
				ENABLE_STRICT_OBJC_MSGSEND = YES;
				GCC_C_LANGUAGE_STANDARD = gnu99;
				GCC_DYNAMIC_NO_PIC = NO;
				GCC_OPTIMIZATION_LEVEL = 0;
				GCC_PREPROCESSOR_DEFINITIONS = (
					"DEBUG=1",
					"$(inherited)",
				);
				GCC_SYMBOLS_PRIVATE_EXTERN = NO;
				GCC_WARN_64_TO_32_BIT_CONVERSION = YES;
				GCC_WARN_ABOUT_RETURN_TYPE = YES_ERROR;
				GCC_WARN_UNDECLARED_SELECTOR = YES;
				GCC_WARN_UNINITIALIZED_AUTOS = YES_AGGRESSIVE;
				GCC_WARN_UNUSED_FUNCTION = YES;
				GCC_WARN_UNUSED_VARIABLE = YES;
				IPHONEOS_DEPLOYMENT_TARGET = 8.1;
				MTL_ENABLE_DEBUG_INFO = YES;
				ONLY_ACTIVE_ARCH = YES;
				SDKROOT = iphoneos;
			};
			name = Debug;
		};
		7900265E1A9B26C200479D22 /* Release */ = {
			isa = XCBuildConfiguration;
			buildSettings = {
				ALWAYS_SEARCH_USER_PATHS = NO;
				CLANG_CXX_LANGUAGE_STANDARD = "gnu++0x";
				CLANG_CXX_LIBRARY = "libc++";
				CLANG_ENABLE_MODULES = YES;
				CLANG_ENABLE_OBJC_ARC = YES;
				CLANG_WARN_BOOL_CONVERSION = YES;
				CLANG_WARN_CONSTANT_CONVERSION = YES;
				CLANG_WARN_DIRECT_OBJC_ISA_USAGE = YES_ERROR;
				CLANG_WARN_EMPTY_BODY = YES;
				CLANG_WARN_ENUM_CONVERSION = YES;
				CLANG_WARN_INT_CONVERSION = YES;
				CLANG_WARN_OBJC_ROOT_CLASS = YES_ERROR;
				CLANG_WARN_UNREACHABLE_CODE = YES;
				CLANG_WARN__DUPLICATE_METHOD_MATCH = YES;
				"CODE_SIGN_IDENTITY[sdk=iphoneos*]" = "iPhone Developer";
				COPY_PHASE_STRIP = YES;
				ENABLE_NS_ASSERTIONS = NO;
				ENABLE_STRICT_OBJC_MSGSEND = YES;
				GCC_C_LANGUAGE_STANDARD = gnu99;
				GCC_WARN_64_TO_32_BIT_CONVERSION = YES;
				GCC_WARN_ABOUT_RETURN_TYPE = YES_ERROR;
				GCC_WARN_UNDECLARED_SELECTOR = YES;
				GCC_WARN_UNINITIALIZED_AUTOS = YES_AGGRESSIVE;
				GCC_WARN_UNUSED_FUNCTION = YES;
				GCC_WARN_UNUSED_VARIABLE = YES;
				IPHONEOS_DEPLOYMENT_TARGET = 8.1;
				MTL_ENABLE_DEBUG_INFO = NO;
				SDKROOT = iphoneos;
				VALIDATE_PRODUCT = YES;
			};
			name = Release;
		};
		790026601A9B26C200479D22 /* Debug */ = {
			isa = XCBuildConfiguration;
			buildSettings = {
				ASSETCATALOG_COMPILER_APPICON_NAME = AppIcon;
				INFOPLIST_FILE = VariadicFunction/Info.plist;
				LD_RUNPATH_SEARCH_PATHS = "$(inherited) @executable_path/Frameworks";
				PRODUCT_NAME = "$(TARGET_NAME)";
			};
			name = Debug;
		};
		790026611A9B26C200479D22 /* Release */ = {
			isa = XCBuildConfiguration;
			buildSettings = {
				ASSETCATALOG_COMPILER_APPICON_NAME = AppIcon;
				INFOPLIST_FILE = VariadicFunction/Info.plist;
				LD_RUNPATH_SEARCH_PATHS = "$(inherited) @executable_path/Frameworks";
				PRODUCT_NAME = "$(TARGET_NAME)";
			};
			name = Release;
		};
		790026631A9B26C200479D22 /* Debug */ = {
			isa = XCBuildConfiguration;
			buildSettings = {
				BUNDLE_LOADER = "$(TEST_HOST)";
				FRAMEWORK_SEARCH_PATHS = (
					"$(SDKROOT)/Developer/Library/Frameworks",
					"$(inherited)",
				);
				GCC_PREPROCESSOR_DEFINITIONS = (
					"DEBUG=1",
					"$(inherited)",
				);
				INFOPLIST_FILE = VariadicFunctionTests/Info.plist;
				LD_RUNPATH_SEARCH_PATHS = "$(inherited) @executable_path/Frameworks @loader_path/Frameworks";
				PRODUCT_NAME = "$(TARGET_NAME)";
				TEST_HOST = "$(BUILT_PRODUCTS_DIR)/VariadicFunction.app/VariadicFunction";
			};
			name = Debug;
		};
		790026641A9B26C200479D22 /* Release */ = {
			isa = XCBuildConfiguration;
			buildSettings = {
				BUNDLE_LOADER = "$(TEST_HOST)";
				FRAMEWORK_SEARCH_PATHS = (
					"$(SDKROOT)/Developer/Library/Frameworks",
					"$(inherited)",
				);
				INFOPLIST_FILE = VariadicFunctionTests/Info.plist;
				LD_RUNPATH_SEARCH_PATHS = "$(inherited) @executable_path/Frameworks @loader_path/Frameworks";
				PRODUCT_NAME = "$(TARGET_NAME)";
				TEST_HOST = "$(BUILT_PRODUCTS_DIR)/VariadicFunction.app/VariadicFunction";
			};
			name = Release;
		};
/* End XCBuildConfiguration section */

/* Begin XCConfigurationList section */
		790026371A9B26C000479D22 /* Build configuration list for PBXProject "VariadicFunction" */ = {
			isa = XCConfigurationList;
			buildConfigurations = (
				7900265D1A9B26C200479D22 /* Debug */,
				7900265E1A9B26C200479D22 /* Release */,
			);
			defaultConfigurationIsVisible = 0;
			defaultConfigurationName = Release;
		};
		7900265F1A9B26C200479D22 /* Build configuration list for PBXNativeTarget "VariadicFunction" */ = {
			isa = XCConfigurationList;
			buildConfigurations = (
				790026601A9B26C200479D22 /* Debug */,
				790026611A9B26C200479D22 /* Release */,
			);
			defaultConfigurationIsVisible = 0;
		};
		790026621A9B26C200479D22 /* Build configuration list for PBXNativeTarget "VariadicFunctionTests" */ = {
			isa = XCConfigurationList;
			buildConfigurations = (
				790026631A9B26C200479D22 /* Debug */,
				790026641A9B26C200479D22 /* Release */,
			);
			defaultConfigurationIsVisible = 0;
		};
/* End XCConfigurationList section */
	};
	rootObject = 790026341A9B26C000479D22 /* Project object */;
}
